
Microsoft Visual Studio Solution File, Format Version 12.00
# Visual Studio Version 17
VisualStudioVersion = 17.0.32014.148
MinimumVisualStudioVersion = 10.0.40219.1
Project("{2150E333-8FDC-42A3-9474-1A3956D46DE8}") = "Services", "Services", "{82D45EAD-4424-49C8-A0CE-5C70B5BDF359}"
EndProject
Project("{2150E333-8FDC-42A3-9474-1A3956D46DE8}") = "Catalog", "Catalog", "{E3FAD6EE-7A2F-46FD-B22F-701552AFB30E}"
EndProject
Project("{9A19103F-16F7-4668-BE54-9A1E7A4F7556}") = "FreeCourse.Services.Catalog", "Services\Catalog\FreeCourse.Services.Catalog\FreeCourse.Services.Catalog.csproj", "{61F59D1D-7EC6-4820-9F70-6093F306D2F1}"
EndProject
Project("{2150E333-8FDC-42A3-9474-1A3956D46DE8}") = "Solution Items", "Solution Items", "{D3F138A6-EE93-403E-B95D-D181115DD289}"
	ProjectSection(SolutionItems) = preProject
		Ports.txt = Ports.txt
	EndProjectSection
EndProject
Project("{2150E333-8FDC-42A3-9474-1A3956D46DE8}") = "Shared", "Shared", "{4020338E-35EF-4BB9-8CA3-A8E5584B686E}"
EndProject
Project("{9A19103F-16F7-4668-BE54-9A1E7A4F7556}") = "FreeCourse.Shared", "Shared\FreeCourse.Shared\FreeCourse.Shared.csproj", "{992E84D8-F596-4D38-8AFA-4D32EC96766D}"
EndProject
Project("{2150E333-8FDC-42A3-9474-1A3956D46DE8}") = "IdentityServer", "IdentityServer", "{79B7CCEC-7519-4DC8-8502-74F978FD119C}"
EndProject
Project("{9A19103F-16F7-4668-BE54-9A1E7A4F7556}") = "FreeCourse.IdentityServer", "IdentityServer\FreeCourse.IdentityServer\FreeCourse.IdentityServer.csproj", "{F33AD4A0-5A37-432A-967F-0B5485502355}"
EndProject
Project("{2150E333-8FDC-42A3-9474-1A3956D46DE8}") = "PhotoStock", "PhotoStock", "{EA59A6BB-0E3D-4704-9697-9DBBB06082EE}"
EndProject
Project("{9A19103F-16F7-4668-BE54-9A1E7A4F7556}") = "FreeCourse.Services.PhotoStock", "Services\PhotoStock\FreeCourse.Services.PhotoStock\FreeCourse.Services.PhotoStock.csproj", "{71C74265-C501-45A8-9153-0361232E6178}"
EndProject
Project("{2150E333-8FDC-42A3-9474-1A3956D46DE8}") = "Basket", "Basket", "{2C8EEA3B-0777-496A-A047-4AABA678834F}"
EndProject
Project("{9A19103F-16F7-4668-BE54-9A1E7A4F7556}") = "FreeCourse.Services.Basket", "Services\Basket\FreeCourse.Services.Basket\FreeCourse.Services.Basket.csproj", "{4BB5E5A3-32BC-436A-82F9-B2836141E221}"
EndProject
Project("{2150E333-8FDC-42A3-9474-1A3956D46DE8}") = "Discount", "Discount", "{F6F0602C-B5A3-416F-93DB-D17189B284A1}"
EndProject
Project("{9A19103F-16F7-4668-BE54-9A1E7A4F7556}") = "FreeCourse.Discount", "Services\Discount\FreeCourse.Discount\FreeCourse.Discount.csproj", "{E346DFF3-6FE5-4228-B850-4EABB26BF405}"
EndProject
Project("{2150E333-8FDC-42A3-9474-1A3956D46DE8}") = "Order", "Order", "{3D199009-6CAC-4F3F-9F70-FFC4B29068A6}"
EndProject
Project("{9A19103F-16F7-4668-BE54-9A1E7A4F7556}") = "FreeCourse.Services.Order.Infrastructure", "Services\Order\FreeCourse.Services.Order.Infrastructure\FreeCourse.Services.Order.Infrastructure.csproj", "{9E76F702-762E-4B12-85E4-434319A057B4}"
EndProject
Project("{9A19103F-16F7-4668-BE54-9A1E7A4F7556}") = "FreeCourse.Services.Order", "Services\Order\FreeCourse.Services.Order\FreeCourse.Services.Order.csproj", "{8EB020D7-1D08-448F-87A6-B5FF485BC850}"
EndProject
Project("{9A19103F-16F7-4668-BE54-9A1E7A4F7556}") = "FreeCourse.Services.Order.Application", "Services\Order\FreeCourse.Services.Order.Application\FreeCourse.Services.Order.Application.csproj", "{7CEB5473-1FD7-475F-9BE0-B7F9D7B7D9A7}"
EndProject
Project("{9A19103F-16F7-4668-BE54-9A1E7A4F7556}") = "FreeCourse.Services.Order.Domain", "Services\Order\FreeCourse.Services.Order.Domain\FreeCourse.Services.Order.Domain.csproj", "{67BA903B-591C-47DE-99A9-0FF3CA8DBD25}"
EndProject
Project("{2150E333-8FDC-42A3-9474-1A3956D46DE8}") = "Payment", "Payment", "{B52598F9-39E2-463E-A11A-BAD8542D39BA}"
EndProject
Project("{9A19103F-16F7-4668-BE54-9A1E7A4F7556}") = "FreeCourse.Services.Payment", "Services\Payment\FreeCourse.Services.Payment\FreeCourse.Services.Payment.csproj", "{C843078F-09B2-4FCA-A099-E61CB7306B65}"
EndProject
Project("{2150E333-8FDC-42A3-9474-1A3956D46DE8}") = "Gateway", "Gateway", "{D0DDF9D8-9665-4227-AAAC-0FA0E6BAE1BE}"
EndProject
Project("{9A19103F-16F7-4668-BE54-9A1E7A4F7556}") = "FreeCourse.Gateway", "Gateway\FreeCourse.Gateway\FreeCourse.Gateway.csproj", "{AA3FAFD7-1BC1-4029-A309-9E012DCC6CAF}"
EndProject
Project("{2150E333-8FDC-42A3-9474-1A3956D46DE8}") = "Client", "Client", "{02E0589F-9A7D-4402-BE05-508909875BA5}"
EndProject
Project("{9A19103F-16F7-4668-BE54-9A1E7A4F7556}") = "FreeCourse.Web", "Client\FreeCourse.Web\FreeCourse.Web.csproj", "{FAC901B9-EEB3-4714-9A2E-E3BC51F46330}"
EndProject
Project("{2150E333-8FDC-42A3-9474-1A3956D46DE8}") = "Stock", "Stock", "{16E534B6-220D-41A3-8625-B583EEEAB7AD}"
EndProject
Project("{FAE04EC0-301F-11D3-BF4B-00C04F79EFBC}") = "FreeCourse.Services.Stock", "Services\Stock\FreeCourse.Services.Stock\FreeCourse.Services.Stock.csproj", "{A95C384A-F9BD-442A-A0D6-2F3023F2ECE9}"
EndProject
Global
	GlobalSection(SolutionConfigurationPlatforms) = preSolution
		Debug|Any CPU = Debug|Any CPU
		Release|Any CPU = Release|Any CPU
	EndGlobalSection
	GlobalSection(ProjectConfigurationPlatforms) = postSolution
		{61F59D1D-7EC6-4820-9F70-6093F306D2F1}.Debug|Any CPU.ActiveCfg = Debug|Any CPU
		{61F59D1D-7EC6-4820-9F70-6093F306D2F1}.Debug|Any CPU.Build.0 = Debug|Any CPU
		{61F59D1D-7EC6-4820-9F70-6093F306D2F1}.Release|Any CPU.ActiveCfg = Release|Any CPU
		{61F59D1D-7EC6-4820-9F70-6093F306D2F1}.Release|Any CPU.Build.0 = Release|Any CPU
		{992E84D8-F596-4D38-8AFA-4D32EC96766D}.Debug|Any CPU.ActiveCfg = Debug|Any CPU
		{992E84D8-F596-4D38-8AFA-4D32EC96766D}.Debug|Any CPU.Build.0 = Debug|Any CPU
		{992E84D8-F596-4D38-8AFA-4D32EC96766D}.Release|Any CPU.ActiveCfg = Release|Any CPU
		{992E84D8-F596-4D38-8AFA-4D32EC96766D}.Release|Any CPU.Build.0 = Release|Any CPU
		{F33AD4A0-5A37-432A-967F-0B5485502355}.Debug|Any CPU.ActiveCfg = Debug|Any CPU
		{F33AD4A0-5A37-432A-967F-0B5485502355}.Debug|Any CPU.Build.0 = Debug|Any CPU
		{F33AD4A0-5A37-432A-967F-0B5485502355}.Release|Any CPU.ActiveCfg = Release|Any CPU
		{F33AD4A0-5A37-432A-967F-0B5485502355}.Release|Any CPU.Build.0 = Release|Any CPU
		{71C74265-C501-45A8-9153-0361232E6178}.Debug|Any CPU.ActiveCfg = Debug|Any CPU
		{71C74265-C501-45A8-9153-0361232E6178}.Debug|Any CPU.Build.0 = Debug|Any CPU
		{71C74265-C501-45A8-9153-0361232E6178}.Release|Any CPU.ActiveCfg = Release|Any CPU
		{71C74265-C501-45A8-9153-0361232E6178}.Release|Any CPU.Build.0 = Release|Any CPU
		{4BB5E5A3-32BC-436A-82F9-B2836141E221}.Debug|Any CPU.ActiveCfg = Debug|Any CPU
		{4BB5E5A3-32BC-436A-82F9-B2836141E221}.Debug|Any CPU.Build.0 = Debug|Any CPU
		{4BB5E5A3-32BC-436A-82F9-B2836141E221}.Release|Any CPU.ActiveCfg = Release|Any CPU
		{4BB5E5A3-32BC-436A-82F9-B2836141E221}.Release|Any CPU.Build.0 = Release|Any CPU
		{E346DFF3-6FE5-4228-B850-4EABB26BF405}.Debug|Any CPU.ActiveCfg = Debug|Any CPU
		{E346DFF3-6FE5-4228-B850-4EABB26BF405}.Debug|Any CPU.Build.0 = Debug|Any CPU
		{E346DFF3-6FE5-4228-B850-4EABB26BF405}.Release|Any CPU.ActiveCfg = Release|Any CPU
		{E346DFF3-6FE5-4228-B850-4EABB26BF405}.Release|Any CPU.Build.0 = Release|Any CPU
		{9E76F702-762E-4B12-85E4-434319A057B4}.Debug|Any CPU.ActiveCfg = Debug|Any CPU
		{9E76F702-762E-4B12-85E4-434319A057B4}.Debug|Any CPU.Build.0 = Debug|Any CPU
		{9E76F702-762E-4B12-85E4-434319A057B4}.Release|Any CPU.ActiveCfg = Release|Any CPU
		{9E76F702-762E-4B12-85E4-434319A057B4}.Release|Any CPU.Build.0 = Release|Any CPU
		{8EB020D7-1D08-448F-87A6-B5FF485BC850}.Debug|Any CPU.ActiveCfg = Debug|Any CPU
		{8EB020D7-1D08-448F-87A6-B5FF485BC850}.Debug|Any CPU.Build.0 = Debug|Any CPU
		{8EB020D7-1D08-448F-87A6-B5FF485BC850}.Release|Any CPU.ActiveCfg = Release|Any CPU
		{8EB020D7-1D08-448F-87A6-B5FF485BC850}.Release|Any CPU.Build.0 = Release|Any CPU
		{7CEB5473-1FD7-475F-9BE0-B7F9D7B7D9A7}.Debug|Any CPU.ActiveCfg = Debug|Any CPU
		{7CEB5473-1FD7-475F-9BE0-B7F9D7B7D9A7}.Debug|Any CPU.Build.0 = Debug|Any CPU
		{7CEB5473-1FD7-475F-9BE0-B7F9D7B7D9A7}.Release|Any CPU.ActiveCfg = Release|Any CPU
		{7CEB5473-1FD7-475F-9BE0-B7F9D7B7D9A7}.Release|Any CPU.Build.0 = Release|Any CPU
		{67BA903B-591C-47DE-99A9-0FF3CA8DBD25}.Debug|Any CPU.ActiveCfg = Debug|Any CPU
		{67BA903B-591C-47DE-99A9-0FF3CA8DBD25}.Debug|Any CPU.Build.0 = Debug|Any CPU
		{67BA903B-591C-47DE-99A9-0FF3CA8DBD25}.Release|Any CPU.ActiveCfg = Release|Any CPU
		{67BA903B-591C-47DE-99A9-0FF3CA8DBD25}.Release|Any CPU.Build.0 = Release|Any CPU
		{C843078F-09B2-4FCA-A099-E61CB7306B65}.Debug|Any CPU.ActiveCfg = Debug|Any CPU
		{C843078F-09B2-4FCA-A099-E61CB7306B65}.Debug|Any CPU.Build.0 = Debug|Any CPU
		{C843078F-09B2-4FCA-A099-E61CB7306B65}.Release|Any CPU.ActiveCfg = Release|Any CPU
		{C843078F-09B2-4FCA-A099-E61CB7306B65}.Release|Any CPU.Build.0 = Release|Any CPU
		{AA3FAFD7-1BC1-4029-A309-9E012DCC6CAF}.Debug|Any CPU.ActiveCfg = Debug|Any CPU
		{AA3FAFD7-1BC1-4029-A309-9E012DCC6CAF}.Debug|Any CPU.Build.0 = Debug|Any CPU
		{AA3FAFD7-1BC1-4029-A309-9E012DCC6CAF}.Release|Any CPU.ActiveCfg = Release|Any CPU
		{AA3FAFD7-1BC1-4029-A309-9E012DCC6CAF}.Release|Any CPU.Build.0 = Release|Any CPU
		{FAC901B9-EEB3-4714-9A2E-E3BC51F46330}.Debug|Any CPU.ActiveCfg = Debug|Any CPU
		{FAC901B9-EEB3-4714-9A2E-E3BC51F46330}.Debug|Any CPU.Build.0 = Debug|Any CPU
		{FAC901B9-EEB3-4714-9A2E-E3BC51F46330}.Release|Any CPU.ActiveCfg = Release|Any CPU
		{FAC901B9-EEB3-4714-9A2E-E3BC51F46330}.Release|Any CPU.Build.0 = Release|Any CPU
		{A95C384A-F9BD-442A-A0D6-2F3023F2ECE9}.Debug|Any CPU.ActiveCfg = Debug|Any CPU
		{A95C384A-F9BD-442A-A0D6-2F3023F2ECE9}.Debug|Any CPU.Build.0 = Debug|Any CPU
		{A95C384A-F9BD-442A-A0D6-2F3023F2ECE9}.Release|Any CPU.ActiveCfg = Release|Any CPU
		{A95C384A-F9BD-442A-A0D6-2F3023F2ECE9}.Release|Any CPU.Build.0 = Release|Any CPU
	EndGlobalSection
	GlobalSection(SolutionProperties) = preSolution
		HideSolutionNode = FALSE
	EndGlobalSection
	GlobalSection(NestedProjects) = preSolution
		{E3FAD6EE-7A2F-46FD-B22F-701552AFB30E} = {82D45EAD-4424-49C8-A0CE-5C70B5BDF359}
		{61F59D1D-7EC6-4820-9F70-6093F306D2F1} = {E3FAD6EE-7A2F-46FD-B22F-701552AFB30E}
		{992E84D8-F596-4D38-8AFA-4D32EC96766D} = {4020338E-35EF-4BB9-8CA3-A8E5584B686E}
		{F33AD4A0-5A37-432A-967F-0B5485502355} = {79B7CCEC-7519-4DC8-8502-74F978FD119C}
		{EA59A6BB-0E3D-4704-9697-9DBBB06082EE} = {82D45EAD-4424-49C8-A0CE-5C70B5BDF359}
		{71C74265-C501-45A8-9153-0361232E6178} = {EA59A6BB-0E3D-4704-9697-9DBBB06082EE}
		{2C8EEA3B-0777-496A-A047-4AABA678834F} = {82D45EAD-4424-49C8-A0CE-5C70B5BDF359}
		{4BB5E5A3-32BC-436A-82F9-B2836141E221} = {2C8EEA3B-0777-496A-A047-4AABA678834F}
		{F6F0602C-B5A3-416F-93DB-D17189B284A1} = {82D45EAD-4424-49C8-A0CE-5C70B5BDF359}
		{E346DFF3-6FE5-4228-B850-4EABB26BF405} = {F6F0602C-B5A3-416F-93DB-D17189B284A1}
		{3D199009-6CAC-4F3F-9F70-FFC4B29068A6} = {82D45EAD-4424-49C8-A0CE-5C70B5BDF359}
		{9E76F702-762E-4B12-85E4-434319A057B4} = {3D199009-6CAC-4F3F-9F70-FFC4B29068A6}
		{8EB020D7-1D08-448F-87A6-B5FF485BC850} = {3D199009-6CAC-4F3F-9F70-FFC4B29068A6}
		{7CEB5473-1FD7-475F-9BE0-B7F9D7B7D9A7} = {3D199009-6CAC-4F3F-9F70-FFC4B29068A6}
		{67BA903B-591C-47DE-99A9-0FF3CA8DBD25} = {3D199009-6CAC-4F3F-9F70-FFC4B29068A6}
		{B52598F9-39E2-463E-A11A-BAD8542D39BA} = {82D45EAD-4424-49C8-A0CE-5C70B5BDF359}
		{C843078F-09B2-4FCA-A099-E61CB7306B65} = {B52598F9-39E2-463E-A11A-BAD8542D39BA}
		{AA3FAFD7-1BC1-4029-A309-9E012DCC6CAF} = {D0DDF9D8-9665-4227-AAAC-0FA0E6BAE1BE}
		{FAC901B9-EEB3-4714-9A2E-E3BC51F46330} = {02E0589F-9A7D-4402-BE05-508909875BA5}
		{16E534B6-220D-41A3-8625-B583EEEAB7AD} = {82D45EAD-4424-49C8-A0CE-5C70B5BDF359}
		{A95C384A-F9BD-442A-A0D6-2F3023F2ECE9} = {16E534B6-220D-41A3-8625-B583EEEAB7AD}
	EndGlobalSection
	GlobalSection(ExtensibilityGlobals) = postSolution
		SolutionGuid = {DA16F116-0A76-4F55-B2B2-533936A6EFDA}
	EndGlobalSection
EndGlobal
